
Microsoft Visual Studio Solution File, Format Version 12.00
# Visual Studio Version 17
VisualStudioVersion = 17.0.31512.422
MinimumVisualStudioVersion = 10.0.40219.1
Project("{9A19103F-16F7-4668-BE54-9A1E7A4F7556}") = "Chanv2", "Chanv2\Chanv2.csproj", "{6FBA610A-E145-4177-BC3C-0267B1F9302E}"
EndProject
Global
	GlobalSection(SolutionConfigurationPlatforms) = preSolution
		Debug|Any CPU = Debug|Any CPU
		Release|Any CPU = Release|Any CPU
	EndGlobalSection
	GlobalSection(ProjectConfigurationPlatforms) = postSolution
		{6FBA610A-E145-4177-BC3C-0267B1F9302E}.Debug|Any CPU.ActiveCfg = Debug|Any CPU
		{6FBA610A-E145-4177-BC3C-0267B1F9302E}.Debug|Any CPU.Build.0 = Debug|Any CPU
		{6FBA610A-E145-4177-BC3C-0267B1F9302E}.Release|Any CPU.ActiveCfg = Release|Any CPU
		{6FBA610A-E145-4177-BC3C-0267B1F9302E}.Release|Any CPU.Build.0 = Release|Any CPU
	EndGlobalSection
	GlobalSection(SolutionProperties) = preSolution
		HideSolutionNode = FALSE
	EndGlobalSection
	GlobalSection(ExtensibilityGlobals) = postSolution
		SolutionGuid = {2659AA95-F292-474E-BDC8-1CE7E3B4DE2A}
	EndGlobalSection
EndGlobal
